
Microsoft Visual Studio Solution File, Format Version 12.00
# Visual Studio Version 17
VisualStudioVersion = 17.7.34024.191
MinimumVisualStudioVersion = 10.0.40219.1
Project("{8BC9CEB8-8B4A-11D0-8D11-00A0C91BC942}") = "Lab 6.4 rec", "Lab 6.4 rec\Lab 6.4 rec.vcxproj", "{8B0490B1-117F-4E7F-89A9-CB9A1AF8BA2C}"
EndProject
Project("{8BC9CEB8-8B4A-11D0-8D11-00A0C91BC942}") = "UnitTest1", "UnitTest1\UnitTest1.vcxproj", "{671698DD-AB80-400B-83FA-554E7D73EDF6}"
EndProject
Global
	GlobalSection(SolutionConfigurationPlatforms) = preSolution
		Debug|x64 = Debug|x64
		Debug|x86 = Debug|x86
		Release|x64 = Release|x64
		Release|x86 = Release|x86
	EndGlobalSection
	GlobalSection(ProjectConfigurationPlatforms) = postSolution
		{8B0490B1-117F-4E7F-89A9-CB9A1AF8BA2C}.Debug|x64.ActiveCfg = Debug|x64
		{8B0490B1-117F-4E7F-89A9-CB9A1AF8BA2C}.Debug|x64.Build.0 = Debug|x64
		{8B0490B1-117F-4E7F-89A9-CB9A1AF8BA2C}.Debug|x86.ActiveCfg = Debug|Win32
		{8B0490B1-117F-4E7F-89A9-CB9A1AF8BA2C}.Debug|x86.Build.0 = Debug|Win32
		{8B0490B1-117F-4E7F-89A9-CB9A1AF8BA2C}.Release|x64.ActiveCfg = Release|x64
		{8B0490B1-117F-4E7F-89A9-CB9A1AF8BA2C}.Release|x64.Build.0 = Release|x64
		{8B0490B1-117F-4E7F-89A9-CB9A1AF8BA2C}.Release|x86.ActiveCfg = Release|Win32
		{8B0490B1-117F-4E7F-89A9-CB9A1AF8BA2C}.Release|x86.Build.0 = Release|Win32
		{671698DD-AB80-400B-83FA-554E7D73EDF6}.Debug|x64.ActiveCfg = Debug|x64
		{671698DD-AB80-400B-83FA-554E7D73EDF6}.Debug|x64.Build.0 = Debug|x64
		{671698DD-AB80-400B-83FA-554E7D73EDF6}.Debug|x86.ActiveCfg = Debug|Win32
		{671698DD-AB80-400B-83FA-554E7D73EDF6}.Debug|x86.Build.0 = Debug|Win32
		{671698DD-AB80-400B-83FA-554E7D73EDF6}.Release|x64.ActiveCfg = Release|x64
		{671698DD-AB80-400B-83FA-554E7D73EDF6}.Release|x64.Build.0 = Release|x64
		{671698DD-AB80-400B-83FA-554E7D73EDF6}.Release|x86.ActiveCfg = Release|Win32
		{671698DD-AB80-400B-83FA-554E7D73EDF6}.Release|x86.Build.0 = Release|Win32
	EndGlobalSection
	GlobalSection(SolutionProperties) = preSolution
		HideSolutionNode = FALSE
	EndGlobalSection
	GlobalSection(ExtensibilityGlobals) = postSolution
		SolutionGuid = {80F324FA-B33E-438F-AEA5-585E5B8F2850}
	EndGlobalSection
EndGlobal
